{
    "_meta": {
        "hash": {
            "sha256": "1f5df1705a68ef7b262811b7da343d551e1cca6e986f3784bd7a5f441bdccdb0"
        },
        "pipfile-spec": 6,
        "requires": {
            "python_version": "3.12"
        },
        "sources": [
            {
                "name": "pypi",
                "url": "https://pypi.org/simple",
                "verify_ssl": true
            }
        ]
    },
    "default": {
        "argh": {
            "hashes": [
                "sha256:2edac856ff50126f6e47d884751328c9f466bacbbb6cbfdac322053d94705494",
                "sha256:f30023d8be14ca5ee6b1b3eeab829151d7bbda464ae07dc4dd5347919c5892f9"
            ],
            "index": "pypi",
            "markers": "python_version >= '3.8'",
            "version": "==0.31.3"
        },
        "beautifulsoup4": {
            "hashes": [
                "sha256:2a98ab9f944a11acee9cc848508ec28d9228abfd522ef0fad6a02a72e0ded69e",
                "sha256:5ef6fa3a8cbece8488d66985560f97ed091e22bbc4e9c2338508a9d5de6d4515"
            ],
            "index": "pypi",
            "markers": "python_full_version >= '3.7.0'",
            "version": "==4.14.2"
        },
        "certifi": {
            "hashes": [
                "sha256:0f212c2744a9bb6de0c56639a6f68afe01ecd92d91f14ae897c4fe7bbeeef0de",
                "sha256:47c09d31ccf2acf0be3f701ea53595ee7e0b8fa08801c6624be771df09ae7b43"
            ],
            "markers": "python_version >= '3.7'",
            "version": "==2025.10.5"
        },
        "charset-normalizer": {
            "hashes": [
                "sha256:027f6de494925c0ab2a55eab46ae5129951638a49a34d87f4c3eda90f696b4ad",
                "sha256:077fbb858e903c73f6c9db43374fd213b0b6a778106bc7032446a8e8b5b38b93",
                "sha256:0a98e6759f854bd25a58a73fa88833fba3b7c491169f86ce1180c948ab3fd394",
                "sha256:0d3d8f15c07f86e9ff82319b3d9ef6f4bf907608f53fe9d92b28ea9ae3d1fd89",
                "sha256:0f04b14ffe5fdc8c4933862d8306109a2c51e0704acfa35d51598eb45a1e89fc",
                "sha256:11d694519d7f29d6cd09f6ac70028dba10f92f6cdd059096db198c283794ac86",
                "sha256:194f08cbb32dc406d6e1aea671a68be0823673db2832b38405deba2fb0d88f63",
                "sha256:1bee1e43c28aa63cb16e5c14e582580546b08e535299b8b6158a7c9c768a1f3d",
                "sha256:21d142cc6c0ec30d2efee5068ca36c128a30b0f2c53c1c07bd78cb6bc1d3be5f",
                "sha256:2437418e20515acec67d86e12bf70056a33abdacb5cb1655042f6538d6b085a8",
                "sha256:244bfb999c71b35de57821b8ea746b24e863398194a4014e4c76adc2bbdfeff0",
                "sha256:2677acec1a2f8ef614c6888b5b4ae4060cc184174a938ed4e8ef690e15d3e505",
                "sha256:277e970e750505ed74c832b4bf75dac7476262ee2a013f5574dd49075879e161",
                "sha256:2aaba3b0819274cc41757a1da876f810a3e4d7b6eb25699253a4effef9e8e4af",
                "sha256:2b7d8f6c26245217bd2ad053761201e9f9680f8ce52f0fcd8d0755aeae5b2152",
                "sha256:2c9d3c380143a1fedbff95a312aa798578371eb29da42106a29019368a475318",
                "sha256:3162d5d8ce1bb98dd51af660f2121c55d0fa541b46dff7bb9b9f86ea1d87de72",
                "sha256:31fd66405eaf47bb62e8cd575dc621c56c668f27d46a61d975a249930dd5e2a4",
                "sha256:362d61fd13843997c1c446760ef36f240cf81d3ebf74ac62652aebaf7838561e",
                "sha256:376bec83a63b8021bb5c8ea75e21c4ccb86e7e45ca4eb81146091b56599b80c3",
                "sha256:44c2a8734b333e0578090c4cd6b16f275e07aa6614ca8715e6c038e865e70576",
                "sha256:47cc91b2f4dd2833fddaedd2893006b0106129d4b94fdb6af1f4ce5a9965577c",
                "sha256:4902828217069c3c5c71094537a8e623f5d097858ac6ca8252f7b4d10b7560f1",
                "sha256:4bd5d4137d500351a30687c2d3971758aac9a19208fc110ccb9d7188fbe709e8",
                "sha256:4fe7859a4e3e8457458e2ff592f15ccb02f3da787fcd31e0183879c3ad4692a1",
                "sha256:542d2cee80be6f80247095cc36c418f7bddd14f4a6de45af91dfad36d817bba2",
                "sha256:554af85e960429cf30784dd47447d5125aaa3b99a6f0683589dbd27e2f45da44",
                "sha256:5833d2c39d8896e4e19b689ffc198f08ea58116bee26dea51e362ecc7cd3ed26",
                "sha256:5947809c8a2417be3267efc979c47d76a079758166f7d43ef5ae8e9f92751f88",
                "sha256:5ae497466c7901d54b639cf42d5b8c1b6a4fead55215500d2f486d34db48d016",
                "sha256:5bd2293095d766545ec1a8f612559f6b40abc0eb18bb2f5d1171872d34036ede",
                "sha256:5bfbb1b9acf3334612667b61bd3002196fe2a1eb4dd74d247e0f2a4d50ec9bbf",
                "sha256:5cb4d72eea50c8868f5288b7f7f33ed276118325c1dfd3957089f6b519e1382a",
                "sha256:5dbe56a36425d26d6cfb40ce79c314a2e4dd6211d51d6d2191c00bed34f354cc",
                "sha256:5f819d5fe9234f9f82d75bdfa9aef3a3d72c4d24a6e57aeaebba32a704553aa0",
                "sha256:64b55f9dce520635f018f907ff1b0df1fdc31f2795a922fb49dd14fbcdf48c84",
                "sha256:6515f3182dbe4ea06ced2d9e8666d97b46ef4c75e326b79bb624110f122551db",
                "sha256:65e2befcd84bc6f37095f5961e68a6f077bf44946771354a28ad434c2cce0ae1",
                "sha256:6aee717dcfead04c6eb1ce3bd29ac1e22663cdea57f943c87d1eab9a025438d7",
                "sha256:6b39f987ae8ccdf0d2642338faf2abb1862340facc796048b604ef14919e55ed",
                "sha256:6e1fcf0720908f200cd21aa4e6750a48ff6ce4afe7ff5a79a90d5ed8a08296f8",
                "sha256:74018750915ee7ad843a774364e13a3db91682f26142baddf775342c3f5b1133",
                "sha256:74664978bb272435107de04e36db5a9735e78232b85b77d45cfb38f758efd33e",
                "sha256:74bb723680f9f7a6234dcf67aea57e708ec1fbdf5699fb91dfd6f511b0a320ef",
                "sha256:752944c7ffbfdd10c074dc58ec2d5a8a4cd9493b314d367c14d24c17684ddd14",
                "sha256:778d2e08eda00f4256d7f672ca9fef386071c9202f5e4607920b86d7803387f2",
                "sha256:780236ac706e66881f3b7f2f32dfe90507a09e67d1d454c762cf642e6e1586e0",
                "sha256:798d75d81754988d2565bff1b97ba5a44411867c0cf32b77a7e8f8d84796b10d",
                "sha256:799a7a5e4fb2d5898c60b640fd4981d6a25f1c11790935a44ce38c54e985f828",
                "sha256:7a32c560861a02ff789ad905a2fe94e3f840803362c84fecf1851cb4cf3dc37f",
                "sha256:7c308f7e26e4363d79df40ca5b2be1c6ba9f02bdbccfed5abddb7859a6ce72cf",
                "sha256:7fa17817dc5625de8a027cb8b26d9fefa3ea28c8253929b8d6649e705d2835b6",
                "sha256:81d5eb2a312700f4ecaa977a8235b634ce853200e828fbadf3a9c50bab278328",
                "sha256:82004af6c302b5d3ab2cfc4cc5f29db16123b1a8417f2e25f9066f91d4411090",
                "sha256:837c2ce8c5a65a2035be9b3569c684358dfbf109fd3b6969630a87535495ceaa",
                "sha256:840c25fb618a231545cbab0564a799f101b63b9901f2569faecd6b222ac72381",
                "sha256:8a6562c3700cce886c5be75ade4a5db4214fda19fede41d9792d100288d8f94c",
                "sha256:8af65f14dc14a79b924524b1e7fffe304517b2bff5a58bf64f30b98bbc5079eb",
                "sha256:8ef3c867360f88ac904fd3f5e1f902f13307af9052646963ee08ff4f131adafc",
                "sha256:94537985111c35f28720e43603b8e7b43a6ecfb2ce1d3058bbe955b73404e21a",
                "sha256:99ae2cffebb06e6c22bdc25801d7b30f503cc87dbd283479e7b606f70aff57ec",
                "sha256:9a26f18905b8dd5d685d6d07b0cdf98a79f3c7a918906af7cc143ea2e164c8bc",
                "sha256:9b35f4c90079ff2e2edc5b26c0c77925e5d2d255c42c74fdb70fb49b172726ac",
                "sha256:9cd98cdc06614a2f768d2b7286d66805f94c48cde050acdbbb7db2600ab3197e",
                "sha256:9d1bb833febdff5c8927f922386db610b49db6e0d4f4ee29601d71e7c2694313",
                "sha256:9f7fcd74d410a36883701fafa2482a6af2ff5ba96b9a620e9e0721e28ead5569",
                "sha256:a59cb51917aa591b1c4e6a43c132f0cdc3c76dbad6155df4e28ee626cc77a0a3",
                "sha256:a61900df84c667873b292c3de315a786dd8dac506704dea57bc957bd31e22c7d",
                "sha256:a79cfe37875f822425b89a82333404539ae63dbdddf97f84dcbc3d339aae9525",
                "sha256:a8a8b89589086a25749f471e6a900d3f662d1d3b6e2e59dcecf787b1cc3a1894",
                "sha256:a8bf8d0f749c5757af2142fe7903a9df1d2e8aa3841559b2bad34b08d0e2bcf3",
                "sha256:a9768c477b9d7bd54bc0c86dbaebdec6f03306675526c9927c0e8a04e8f94af9",
                "sha256:ac1c4a689edcc530fc9d9aa11f5774b9e2f33f9a0c6a57864e90908f5208d30a",
                "sha256:af2d8c67d8e573d6de5bc30cdb27e9b95e49115cd9baad5ddbd1a6207aaa82a9",
                "sha256:b435cba5f4f750aa6c0a0d92c541fb79f69a387c91e61f1795227e4ed9cece14",
                "sha256:b5b290ccc2a263e8d185130284f8501e3e36c5e02750fc6b6bdeb2e9e96f1e25",
                "sha256:b5d84d37db046c5ca74ee7bb47dd6cbc13f80665fdde3e8040bdd3fb015ecb50",
                "sha256:b7cf1017d601aa35e6bb650b6ad28652c9cd78ee6caff19f3c28d03e1c80acbf",
                "sha256:bc7637e2f80d8530ee4a78e878bce464f70087ce73cf7c1caf142416923b98f1",
                "sha256:c0463276121fdee9c49b98908b3a89c39be45d86d1dbaa22957e38f6321d4ce3",
                "sha256:c4ef880e27901b6cc782f1b95f82da9313c0eb95c3af699103088fa0ac3ce9ac",
                "sha256:c8ae8a0f02f57a6e61203a31428fa1d677cbe50c93622b4149d5c0f319c1d19e",
                "sha256:ca5862d5b3928c4940729dacc329aa9102900382fea192fc5e52eb69d6093815",
                "sha256:cb01158d8b88ee68f15949894ccc6712278243d95f344770fa7593fa2d94410c",
                "sha256:cb6254dc36b47a990e59e1068afacdcd02958bdcce30bb50cc1700a8b9d624a6",
                "sha256:cc00f04ed596e9dc0da42ed17ac5e596c6ccba999ba6bd92b0e0aef2f170f2d6",
                "sha256:cd09d08005f958f370f539f186d10aec3377d55b9eeb0d796025d4886119d76e",
                "sha256:cd4b7ca9984e5e7985c12bc60a6f173f3c958eae74f3ef6624bb6b26e2abbae4",
                "sha256:ce8a0633f41a967713a59c4139d29110c07e826d131a316b50ce11b1d79b4f84",
                "sha256:cead0978fc57397645f12578bfd2d5ea9138ea0fac82b2f63f7f7c6877986a69",
                "sha256:d055ec1e26e441f6187acf818b73564e6e6282709e9bcb5b63f5b23068356a15",
                "sha256:d1f13550535ad8cff21b8d757a3257963e951d96e20ec82ab44bc64aeb62a191",
                "sha256:d9c7f57c3d666a53421049053eaacdd14bbd0a528e2186fcb2e672effd053bb0",
                "sha256:d9e45d7faa48ee908174d8fe84854479ef838fc6a705c9315372eacbc2f02897",
                "sha256:da3326d9e65ef63a817ecbcc0df6e94463713b754fe293eaa03da99befb9a5bd",
                "sha256:de00632ca48df9daf77a2c65a484531649261ec9f25489917f09e455cb09ddb2",
                "sha256:e1f185f86a6f3403aa2420e815904c67b2f9ebc443f045edd0de921108345794",
                "sha256:e824f1492727fa856dd6eda4f7cee25f8518a12f3c4a56a74e8095695089cf6d",
                "sha256:e912091979546adf63357d7e2ccff9b44f026c075aeaf25a52d0e95ad2281074",
                "sha256:eaabd426fe94daf8fd157c32e571c85cb12e66692f15516a83a03264b08d06c3",
                "sha256:ebf3e58c7ec8a8bed6d66a75d7fb37b55e5015b03ceae72a8e7c74495551e224",
                "sha256:ecaae4149d99b1c9e7b88bb03e3221956f68fd6d50be2ef061b2381b61d20838",
                "sha256:eecbc200c7fd5ddb9a7f16c7decb07b566c29fa2161a16cf67b8d068bd21690a",
                "sha256:f155a433c2ec037d4e8df17d18922c3a0d9b3232a396690f17175d2946f0218d",
                "sha256:f1e34719c6ed0b92f418c7c780480b26b5d9c50349e9a9af7d76bf757530350d",
                "sha256:f34be2938726fc13801220747472850852fe6b1ea75869a048d6f896838c896f",
                "sha256:f820802628d2694cb7e56db99213f930856014862f3fd943d290ea8438d07ca8",
                "sha256:f8bf04158c6b607d747e93949aa60618b61312fe647a6369f88ce2ff16043490",
                "sha256:f8e160feb2aed042cd657a72acc0b481212ed28b1b9a95c0cee1621b524e1966",
                "sha256:f9d332f8c2a2fcbffe1378594431458ddbef721c1769d78e2cbc06280d8155f9",
                "sha256:fa09f53c465e532f4d3db095e0c55b615f010ad81803d383195b6b5ca6cbf5f3",
                "sha256:faa3a41b2b66b6e50f84ae4a68c64fcd0c44355741c6374813a800cd6695db9e",
                "sha256:fd44c878ea55ba351104cb93cc85e74916eb8fa440ca7903e57575e97394f608"
            ],
            "markers": "python_version >= '3.7'",
            "version": "==3.4.4"
        },
        "idna": {
            "hashes": [
                "sha256:771a87f49d9defaf64091e6e6fe9c18d4833f140bd19464795bc32d966ca37ea",
                "sha256:795dafcc9c04ed0c1fb032c2aa73654d8e8c5023a7df64a53f39190ada629902"
            ],
            "markers": "python_version >= '3.8'",
            "version": "==3.11"
        },
        "markdownify": {
            "hashes": [
                "sha256:48e150a1c4993d4d50f282f725c0111bd9eb25645d41fa2f543708fd44161351",
                "sha256:f6c367c54eb24ee953921804dfe6d6575c5e5b42c643955e7242034435de634c"
            ],
            "index": "pypi",
            "version": "==1.2.0"
        },
        "pybase64": {
            "hashes": [
                "sha256:01593bd064e7dcd6c86d04e94e44acfe364049500c20ac68ca1e708fbb2ca970",
                "sha256:04ab398ec4b6a212af57f6a21a6336d5a1d754ff4ccb215951366ab9080481b2",
                "sha256:06305e602f128b289b98490a2d07d9d78e7e781e32e7b0252c2e71084fd19edf",
                "sha256:06725022e540c5b098b978a0418ca979773e2cbdbb76f10bd97536f2ad1c5b49",
                "sha256:06801fdc7fa83eac5cb7d1c7051bb623a25af8cb40e088671fa51a393d1053ad",
                "sha256:09caacdd3e15fe7253a67781edd10a6a918befab0052a2a3c215fe5d1f150269",
                "sha256:0a5393be20b0705870f5a8969749af84d734c077de80dd7e9f5424a247afa85e",
                "sha256:0b5639fa2ceb3095393bd56dca8c16079717c361dd3a75439c9a8b8d679f4cf0",
                "sha256:0b8c8e275b5294089f314814b4a50174ab90af79d6a4850f6ae11261ff6a7372",
                "sha256:0c91c6d2a7232e2a1cd10b3b75a8bb657defacd4295a1e5e80455df2dfc84d4f",
                "sha256:0d03ef2f253d97ce0685d3624bf5e552d716b86cacb8a6c971333ba4b827e1fc",
                "sha256:0e67579d2081344b2e43a78fe1604a9637056eed2bfb61bf4a1f847e81525cb3",
                "sha256:0e6d863a86b3e7bc6ac9bd659bebda4501b9da842521111b0b0e54eb51295df5",
                "sha256:0f331aa59549de21f690b6ccc79360ffed1155c3cfbc852eb5c097c0b8565a2b",
                "sha256:0f699514dc1d5689ca9cf378139e0214051922732f9adec9404bc680a8bef7c0",
                "sha256:10b99182c561d86422c5de4265fd1f8f172fb38efaed9d72c71fb31e279a7f94",
                "sha256:1159e70cba8e76c3d8f334bd1f8fd52a1bb7384f4c3533831b23ab2df84a6ef3",
                "sha256:11c5698b696f681fe04c6ccf11c346d438d05f1a542dbb5e5cdf6c27c348431d",
                "sha256:120799274cf55f3f5bb8489eaa85142f26170564baafa7cf3e85541c46b6ab13",
                "sha256:1237f66c54357d325390da60aa5e21c6918fbcd1bf527acb9c1f4188c62cb7d5",
                "sha256:1264f7fa417de7183732761f37c8ceb4652662a84f04538a28dadd5d84bf9a4a",
                "sha256:12f5e7db522ef780a8b333dab5f7d750d270b23a1684bc2235ba50756c7ba428",
                "sha256:171ae85837de14d3691d5c4f29f5bb551209930c063a2cab6f5feb270aec66db",
                "sha256:1726017f04da880d10a57f078d117fe62532b5ed7bd58bd3318f3364b9767d91",
                "sha256:1772c7532a7fb6301baea3dd3e010148dbf70cd1136a83c2f5f91bdc94822145",
                "sha256:17b871a34aaeb0644145cb6bf28feb163f593abea11aec3dbcc34a006edfc828",
                "sha256:19541c6e26d17d9522c02680fe242206ae05df659c82a657aabadf209cd4c6c7",
                "sha256:1afe3361344617d298c1d08bc657ef56d0f702d6b72cb65d968b2771017935aa",
                "sha256:1da54be743d9a68671700cfe56c3ab8c26e8f2f5cc34eface905c55bc3a9af94",
                "sha256:1e79641c420a22e49c67c046895efad05bf5f8b1dbe0dd78b4af3ab3f2923fe2",
                "sha256:1eef93c29cc5567480d168f9cc1ebd3fc3107c65787aed2019a8ea68575a33e0",
                "sha256:1f734e16293637a35d282ce594eb05a7a90ea3ae2bc84a3496a5df9e6b890725",
                "sha256:1fe1ebdc55e9447142e2f6658944aadfb5a4fbf03dbd509be34182585515ecc1",
                "sha256:2089a72b04a62f63e0eac202ecff4440fb52fd05cd5f4ab9fe7e07839fedb9e9",
                "sha256:2168de920c9b1e57850e9ff681852923a953601f73cc96a0742a42236695c316",
                "sha256:217ea776a098d7c08668e5526b9764f5048bbfd28cac86834217ddfe76a4e3c4",
                "sha256:21e72a662a62eba34a91e9424b21db99b8fc5cce99932ce736167496965fa154",
                "sha256:22bd38db2d990d5545dde83511edeec366630d00679dbd945472315c09041dc6",
                "sha256:2372b257b1f4dd512f317fb27e77d313afd137334de64c87de8374027aacd88a",
                "sha256:2583ac304131c1bd6e3120b0179333610f18816000db77c0a2dd6da1364722a8",
                "sha256:26284ef64f142067293347bcc9d501d2b5d44b92eab9d941cb10a085fb01c666",
                "sha256:264b65ecc4f0ee73f3298ab83bbd8008f7f9578361b8df5b448f985d8c63e02a",
                "sha256:265b20089cd470079114c09bb74b101b3bfc3c94ad6b4231706cf9eff877d570",
                "sha256:2683ef271328365c31afee0ed8fa29356fb8fb7c10606794656aa9ffb95e92be",
                "sha256:2710a80d41a2b41293cb0e5b84b5464f54aa3f28f7c43de88784d2d9702b8a1c",
                "sha256:28592c88a9cf6fd27c9f191fb41688c1c27f57493d874cbc50e72e1cc2a3b854",
                "sha256:2d93817e24fdd79c534ed97705df855af6f1d2535ceb8dfa80da9de75482a8d7",
                "sha256:2e194bbabe3fdf9e47ba9f3e157394efe0849eb226df76432126239b3f44992c",
                "sha256:2ef16366565389a287df82659e055e88bdb6c36e46a3394950903e0a9cb2e5bf",
                "sha256:312f2aa4cf5d199a97fbcaee75d2e59ebbaafcd091993eb373b43683498cdacb",
                "sha256:3547b3d1499919a06491b3f879a19fbe206af2bd1a424ecbb4e601eb2bd11fea",
                "sha256:36e9b0cad8197136d73904ef5a71d843381d063fd528c5ab203fc4990264f682",
                "sha256:373897f728d7b4f241a1f803ac732c27b6945d26d86b2741ad9b75c802e4e378",
                "sha256:37a6c73f14c6539c0ad1aebf0cce92138af25c99a6e7aee637d9f9fc634c8a40",
                "sha256:37f133e8c96427995480bb6d396d9d49e949a3e829591845bb6a5a7f215ca177",
                "sha256:385690addf87c25d6366fab5d8ff512eed8a7ecb18da9e8152af1c789162f208",
                "sha256:39120d4a650d7c66689c226131e2942142a5b1b27ccf190f441b1a602bc1e6a5",
                "sha256:39aef1dadf4a004f11dd09e703abaf6528a87c8dbd39c448bb8aebdc0a08c1be",
                "sha256:3b9201ecdcb1c3e23be4caebd6393a4e6615bd0722528f5413b58e22e3792dd3",
                "sha256:3bed71e32075895e06b2ca9faf136ee805db2ade4715b4732b119ef0e5ffcb52",
                "sha256:3dc853243c81ce89cc7318e6946f860df28ddb7cd2a0648b981652d9ad09ee5a",
                "sha256:41213497abbd770435c7a9c8123fb02b93709ac4cf60155cd5aefc5f3042b600",
                "sha256:4157ad277a32cf4f02a975dffc62a3c67d73dfa4609b2c1978ef47e722b18b8e",
                "sha256:448f0259a2f1a17eb086f70fe2ad9b556edba1fc5bc4e62ce6966179368ee9f8",
                "sha256:45f078139d76194024e59b4bcfa64d42e5a5f8a5a4ea55ca4d27df46989c5e32",
                "sha256:46cdefd283ed9643315d952fe44de80dc9b9a811ce6e3ec97fd1827af97692d0",
                "sha256:47254d97ed2d8351e30ecfdb9e2414547f66ba73f8a09f932c9378ff75cd10c5",
                "sha256:480ecf21e1e956c5a10d3cf7b3b7e75bce3f9328cf08c101e4aab1925d879f34",
                "sha256:49630338d4c321336d0dfc4c2c23162a87d9ebc8bb8879348ae019ac8a4366de",
                "sha256:49d8597e2872966399410502310b1e2a5b7e8d8ba96766ee1fe242e00bd80775",
                "sha256:49ff078c0afd2c6ba355a5b999c321b8554e3673eff5a413d83b40e9cfb53b96",
                "sha256:4a6a417a94c2934faa8f84e8279c57092a54045340e26305a07a6691d2890766",
                "sha256:4b29c93414ba965777643a9d98443f08f76ac04519ad717aa859113695372a07",
                "sha256:4cf1e8a57449e48137ef4de00a005e24c3f1cffc0aafc488e36ceb5bb2cbb1da",
                "sha256:4dc4e353ff54ea480cf78aa629df927f7280920d35015f402a541fbfcbf2ba6b",
                "sha256:4e8acd1e02aa4b80dd834dd703ef040d5c1127f39e4052011bf5d3f4bc917c41",
                "sha256:4ec14683e343c95b14248cdfdfa78c052582be7a3865fd570aa7cffa5ab5cf37",
                "sha256:4eef95fe6adfa5763a79874be77944edde2d16f765eca8841f1cc9f2310eb3b2",
                "sha256:4f98c5c6152d3c01d933fcde04322cd9ddcf65b5346034aac69a04c1a7cbb012",
                "sha256:4facc57f6671e2229a385a97a618273e7be36a9ea0a9d1c1b9347f14d19ceba8",
                "sha256:514ad5d72b1990453c895015392729521757eca1a984327c0f9e44af6854385d",
                "sha256:51b17f36d890c92f0618fb1c8db2ccc25e6ed07afa505bab616396fc9b0b0492",
                "sha256:522e4e712686acec2d25de9759dda0b0618cb9f6588523528bc74715c0245c7b",
                "sha256:5257751ff60f9acb2971baf70063dff549fe154ce6be1e7a1808e140d79598d9",
                "sha256:528dba7ef1357bd7ce1aea143084501f47f5dd0fff7937d3906a68565aa59cfe",
                "sha256:52dd32fe5cbfd8af8f3f034a4a65ee61948c72e5c358bf69d59543fc0dbcf950",
                "sha256:53316587e1b1f47a11a5ff068d3cbd4a3911c291f2aec14882734973684871b2",
                "sha256:57885fa521e9add235af4db13e9e048d3a2934cd27d7c5efac1925e1b4d6538d",
                "sha256:5823b8dcf74da7da0f761ed60c961e8928a6524e520411ad05fe7f9f47d55b40",
                "sha256:58f0e40d8128c55dee2309d41e027e0cf22f4931b43aa590ee785ea4eff88f8d",
                "sha256:5b315f0d01eb25ec7a6c7e9ea0c69b82165f4653ff4bc17790fdadf7650eb0e1",
                "sha256:5b5694af6f4632633372fcb678c7fe56b953c33961f39d57086abb08ef5dcbf4",
                "sha256:5b81547ad8ea271c79fdf10da89a1e9313cb15edcba2a17adf8871735e9c02a0",
                "sha256:5c17b092e4da677a595178d2db17a5d2fafe5c8e418d46c0c4e4cde5adb8cff3",
                "sha256:5c69f177b1e404b22b05802127d6979acf4cb57f953c7de9472410f9c3fdece7",
                "sha256:5d949d2d677859c3a8507e1b21432a039d2b995e0bd3fe307052b6ded80f207a",
                "sha256:5e0c3353c0bf099c5c3f8f750202c486abee8f23a566b49e9e7b1222fbf5f259",
                "sha256:5f47f00221f6892c6f8532f7c2e449b491e0fd86de73e9306cfe88768570eff1",
                "sha256:63cd769b51474d8d08f7f2ce73b30380d9b4078ec92ea6b348ea20ed1e1af88a",
                "sha256:6579475140ff2067903725d8aca47f5747bcb211597a1edd60b58f6d90ada2bd",
                "sha256:66071c72417f5cb4640d3291644afc95eba06297cca5dbcacbea5c7181f3a05e",
                "sha256:67675cee727a60dc91173d2790206f01aa3c7b3fbccfa84fd5c1e3d883fe6caa",
                "sha256:6958631143fb9e71f9842000da042ec2f6686506b6706e2dfda29e97925f6aa0",
                "sha256:69d3f0445b0faeef7bb7f93bf8c18d850785e2a77f12835f49e524cc54af04e7",
                "sha256:69f424a227ec503742bac69b89e232c474dc199cd98c3e58e91020c1c4bad0ad",
                "sha256:6a8944e8194adff4668350504bc6b7dbde2dab9244c88d99c491657d145b5af5",
                "sha256:6acae6e1d1f7ebe40165f08076c7a73692b2bf9046fefe673f350536e007f556",
                "sha256:6b621a972a01841368fdb9dedc55fd3c6e0c7217d0505ba3b1ebe95e7ef1b493",
                "sha256:753da25d4fd20be7bda2746f545935773beea12d5cb5ec56ec2d2960796477b1",
                "sha256:75a8116be4ea4cdd30a5c4f1a6f3b038e0d457eb03c8a2685d8ce2aa00ef8f92",
                "sha256:77a191863d576c0a5dd81f8a568a5ca15597cc980ae809dce62c717c8d42d8aa",
                "sha256:7a1e3dc977562abe40ab43483223013be71b215a5d5f3c78a666e70a5076eeec",
                "sha256:7a4bb6e7e45bfdaea0f2aaf022fc9a013abe6e46ccea31914a77e10f44098688",
                "sha256:7a9e89d40dbf833af481d1d5f1a44d173c9c4b56a7c8dba98e39a78ee87cfc52",
                "sha256:7d943bc5dad8388971494554b97f22ae06a46cc7779ad0de3d4bfdf7d0bbea30",
                "sha256:7edbe70b5654545a37e6e6b02de738303b1bbdfcde67f6cfec374cfb5cc4099e",
                "sha256:7f2fbd6870228e9c8c3e2e2622ed7615a8d0159125b85e9d6c2d8e9ead74cdf0",
                "sha256:80c817e88ef2ca3cc9a285fde267690a1cb821ce0da4848c921c16f0fec56fda",
                "sha256:82b4593b480773b17698fef33c68bae0e1c474ba07663fad74249370c46b46c9",
                "sha256:83a1c2f9ed00fee8f064d548c8654a480741131f280e5750bb32475b7ec8ee38",
                "sha256:845c2fa4f0ec45ca48c60c9ed6714c5266f62850c767c86fb0e137b3f5f7585b",
                "sha256:849f274d0bcb90fc6f642c39274082724d108e41b15f3a17864282bd41fc71d5",
                "sha256:864d85a0470c615807ae8b97d724d068b940a2d10ac13a5f1b9e75a3ce441758",
                "sha256:86d3294a07c37c8ce8f3eb24c62a5157699ddeb75f4ae7b4922e8765b8fbe3fb",
                "sha256:88b91cd0949358aadcea75f8de5afbcf3c8c5fb9ec82325bd24285b7119cf56e",
                "sha256:88bbcab0f58ffc9fd79ab8aa047b64e1e04514194d8e7c9f450451682e7555bf",
                "sha256:89614ea2d2329b6708746c540e0f14d692125df99fb1203ff0de948d9e68dfc9",
                "sha256:89b0a51702c7746fa914e75e680ad697b979cdead6b418603f56a6fc9de2f50f",
                "sha256:8ad0c411898280a924eb41e07389666c89cfe1389cb4c24e3853cb1949872893",
                "sha256:8e1226939eac9ce1f080d1b0a8afafee3140e277a4c40ccb306d82de396a41a8",
                "sha256:8fdd9c5b60ec9a1db854f5f96bba46b80a9520069282dc1d37ff433eb8248b1f",
                "sha256:9096a4977b7aff7ef250f759fb6a4b6b7b6199d99c84070c7fc862dd3b208b34",
                "sha256:91cb920c7143e36ec8217031282c8651da3b2206d70343f068fac0e7f073b7f9",
                "sha256:958af7b0e09ddeb13e8c2330767c47b556b1ade19c35370f6451d139cde9f2a9",
                "sha256:9aa4de83f02e462a6f4e066811c71d6af31b52d7484de635582d0e3ec3d6cc3e",
                "sha256:9b07c0406c3eaa7014499b0aacafb21a6d1146cfaa85d56f0aa02e6d542ee8f3",
                "sha256:9dad20bf1f3ed9e6fe566c4c9d07d9a6c04f5a280daebd2082ffb8620b0a880d",
                "sha256:a126f29d29cb4a498db179135dbf955442a0de5b00f374523f5dcceb9074ff58",
                "sha256:a32fc57d05d73a7c9b0ca95e9e265e21cf734195dc6873829a890058c35f5cfd",
                "sha256:a370dea7b1cee2a36a4d5445d4e09cc243816c5bc8def61f602db5a6f5438e52",
                "sha256:a3e54dcf0d0305ec88473c9d0009f698cabf86f88a8a10090efeff2879c421bb",
                "sha256:a55a13493fd165c3a619080149eda6f31c05c04c0577da9c9ef63d23f3abf374",
                "sha256:a618b1e1a63e75dd40c2a397d875935ed0835464dc55cb1b91e8f880113d0444",
                "sha256:a6e5688b18d558e8c6b8701cc8560836c4bbeba61d33c836b4dba56b19423716",
                "sha256:a6ee3874b0abbdd4c903d3989682a3f016fd84188622879f6f95a5dc5718d7e5",
                "sha256:a78c768ce4ca550885246d14babdb8923e0f4a848dfaaeb63c38fc99e7ea4052",
                "sha256:a8aea9abde684d282def3697839163ad5167f9381d5adde6b9d05bf39b1decda",
                "sha256:aa6122c8a81f6597e1c1116511f03ed42cf377c2100fe7debaae7ca62521095a",
                "sha256:ab9cdb6a8176a5cb967f53e6ad60e40c83caaa1ae31c5e1b29e5c8f507f17538",
                "sha256:ace8b23093a6bb862477080d9059b784096ab2f97541e8bfc40d42f062875149",
                "sha256:ad59362fc267bf15498a318c9e076686e4beeb0dfe09b457fabbc2b32468b97a",
                "sha256:ad9c5ac606cb232dfd6679519c86333d4d665732b6fcaab4653ae531990da8b6",
                "sha256:adf0c103ad559dbfb9fe69edfd26a15c65d9c991a5ab0a25b04770f9eb0b9484",
                "sha256:b0b851eb4f801d16040047f6889cca5e9dfa102b3e33f68934d12511245cef86",
                "sha256:b30e66969a5bee39d31ede36f5866be59991cdcbb597fe734b02753ca0e18e04",
                "sha256:b3280d03b7b361622c469d005cc270d763d9e29d0a490c26addb4f82dfe71a79",
                "sha256:b4eed40a5f1627ee65613a6ac834a33f8ba24066656f569c852f98eb16f6ab5d",
                "sha256:b5a1d81b4a10a4b724fa7bc7cbd2d527b21030089940d6acc50bf5ad29849e5e",
                "sha256:b79b4a53dd117ffbd03e96953f2e6bd2827bfe11afeb717ea16d9b0893603077",
                "sha256:b7e22b02505d64db308e9feeb6cb52f1d554ede5983de0befa59ac2d2ffb6a5f",
                "sha256:b9d4a8e6fce1c2943dce37db9b66f7cf88082ef0ef68025183c48fb3b0d8068a",
                "sha256:ba8781dad971d657be171c66abd4f45deb6aa982fa8d8bfd552ea48bbd8d2a09",
                "sha256:bad101c24dcd23ed6fd6ea24c4a1b36ac7abc5eb07447dd7fa98b33859aed871",
                "sha256:bad9e3db16f448728138737bbd1af9dc2398efd593a8bdd73748cc02cd33f9c6",
                "sha256:bb082c1114f046e59fcbc4f2be13edc93b36d7b54b58605820605be948f8fdf6",
                "sha256:bb9e8eba5461acaf5fd69c66e170d9174e3aaae67d42dbc9590e0883e099fd47",
                "sha256:bfd828792982db8d787515535948c1e340f1819407c8832f94384c0ebeaf9d74",
                "sha256:c2070d0aa88580f57fe15ca88b09f162e604d19282915a95a3795b5d3c1c05b5",
                "sha256:c3d9f9881d7315e1d04d72aa7b3f40e2059bdbfdcec51939016409417725c952",
                "sha256:c5161b8b82f8ba5dbbc3f76e0270622a2c2fdb9ffaf092d8f774ad7ec468c027",
                "sha256:c793a2b06753accdaf5e1a8bbe5d800aab2406919e5008174f989a1ca0081411",
                "sha256:c8b522df7ee00f2ac1993ccd5e1f6608ae7482de3907668c2ff96a83ef213925",
                "sha256:c995d21b8bd08aa179cd7dd4db0695c185486ecc72da1e8f6c37ec86cadb8182",
                "sha256:caa7f20f43d00602cf9043b5ba758d54f5c41707d3709b2a5fac17361579c53c",
                "sha256:cd07e6a9993c392ec8eb03912a43c6a6b21b2deb79ee0d606700fe276e9a576f",
                "sha256:cd3e8713cbd32c8c6aa935feaf15c7670e2b7e8bfe51c24dc556811ebd293a29",
                "sha256:cda9f79c22d51ee4508f5a43b673565f1d26af4330c99f114e37e3186fdd3607",
                "sha256:ce5809fa90619b03eab1cd63fec142e6cf1d361731a9b9feacf27df76c833343",
                "sha256:cea5aaf218fd9c5c23afacfe86fd4464dfedc1a0316dd3b5b4075b068cc67df0",
                "sha256:d176c83a9cd45a8b27786372b9b5815803bdf812b7e65be86df75660df3d9443",
                "sha256:d377d48acf53abf4b926c2a7a24a19deb092f366a04ffd856bf4b3aa330b025d",
                "sha256:d4142c58d6a7a57eb094725bec40f2cd46488d8f204e956750a6565cd506322d",
                "sha256:d58eb4cb50b6466cef2e25761a5c915a8d57feda53165cced537a7ce0421b928",
                "sha256:d5c532b03fd14a5040d6cf6571299a05616f925369c72ddf6fe2fb643eb36fed",
                "sha256:d83c076e78d619b9e1dd674e2bf5fb9001aeb3e0b494b80a6c8f6d4120e38cd9",
                "sha256:d8e1a381ba124f26a93d5925efbf6e6c36287fc2c93d74958e8b677c30a53fc0",
                "sha256:d93691f52e1396abfe93a75bc5da4c029649c004d8eefd08f20340b17db51429",
                "sha256:db2c75d1388855b5a1015b65096d7dbcc708e7de3245dcbedeb872ec05a09326",
                "sha256:dc35f14141ef3f1ac70d963950a278a2593af66fe5a1c7a208e185ca6278fa25",
                "sha256:dc65cee686dda72007b7541b2014f33ee282459c781b9b61305bd8b9cfadc8e1",
                "sha256:e113267dc349cf624eb4f4fbf53fd77835e1aa048ac6877399af426aab435757",
                "sha256:e254b9258c40509c2ea063a7784f6994988f3f26099d6e08704e3c15dfed9a55",
                "sha256:e3c6a5f15fd03f232fc6f295cce3684f7bb08da6c6d5b12cc771f81c9f125cc6",
                "sha256:e401cecd2d7ddcd558768b2140fd4430746be4d17fb14c99eec9e40789df136d",
                "sha256:e44b0e793b23f28ea0f15a9754bd0c960102a2ac4bccb8fafdedbd4cc4d235c0",
                "sha256:e53173badead10ef8b839aa5506eecf0067c7b75ad16d9bf39bc7144631f8e67",
                "sha256:e565abf906efee76ae4be1aef5df4aed0fda1639bc0d7732a3dafef76cb6fc35",
                "sha256:e64721ae9252a62caf06f2df5d22065d02f28cd2768b610be84c37856ac4a3a8",
                "sha256:edfe4a3c8c4007f09591f49b46a89d287ef5e8cd6630339536fe98ff077263c2",
                "sha256:eef9255d926c64e2fca021d3aee98023bacb98e1518e5986d6aab04102411b04",
                "sha256:f131c9360babe522f3d90f34da3f827cba80318125cf18d66f2ee27e3730e8c4",
                "sha256:f25140496b02db0e7401567cd869fb13b4c8118bf5c2428592ec339987146d8b",
                "sha256:f48c32ac6a16cbf57a5a96a073fef6ff7e3526f623cd49faa112b7f9980bafba",
                "sha256:f86f7faddcba5cbfea475f8ab96567834c28bf09ca6c7c3d66ee445adac80d8f",
                "sha256:f92218d667049ab4f65d54fa043a88ffdb2f07fff1f868789ef705a5221de7ec",
                "sha256:fb794502b4b1ec91c4ca5d283ae71aef65e3de7721057bd9e2b3ec79f7a62d7d",
                "sha256:fbcc2b30cd740c16c9699f596f22c7a9e643591311ae72b1e776f2d539e9dd9d",
                "sha256:fd9afa7a61d89d170607faf22287290045757e782089f0357b8f801d228d52c3"
            ],
            "index": "pypi",
            "markers": "python_version >= '3.8'",
            "version": "==1.4.2"
        },
        "requests": {
            "hashes": [
                "sha256:2462f94637a34fd532264295e186976db0f5d453d1cdd31473c85a6a161affb6",
                "sha256:dbba0bac56e100853db0ea71b82b4dfd5fe2bf6d3754a8893c3af500cec7d7cf"
            ],
            "index": "pypi",
            "markers": "python_version >= '3.9'",
            "version": "==2.32.5"
        },
        "six": {
            "hashes": [
                "sha256:4721f391ed90541fddacab5acf947aa0d3dc7d27b2e1e8eda2be8970586c3274",
                "sha256:ff70335d468e7eb6ec65b95b99d3a2836546063f63acc5171de367e834932a81"
            ],
            "markers": "python_version >= '2.7' and python_version not in '3.0, 3.1, 3.2'",
            "version": "==1.17.0"
        },
        "soupsieve": {
            "hashes": [
                "sha256:0cc76456a30e20f5d7f2e14a98a4ae2ee4e5abdc7c5ea0aafe795f344bc7984c",
                "sha256:e2dd4a40a628cb5f28f6d4b0db8800b8f581b65bb380b97de22ba5ca8d72572f"
            ],
            "markers": "python_version >= '3.9'",
            "version": "==2.8"
        },
        "typing-extensions": {
            "hashes": [
                "sha256:0cea48d173cc12fa28ecabc3b837ea3cf6f38c6d1136f85cbaaf598984861466",
                "sha256:f0fa19c6845758ab08074a0cfa8b7aecb71c999ca73d62883bc25cc018c4e548"
            ],
            "markers": "python_version >= '3.9'",
            "version": "==4.15.0"
        },
        "urllib3": {
            "hashes": [
                "sha256:3fc47733c7e419d4bc3f6b3dc2b4f890bb743906a30d56ba4a5bfa4bbff92760",
                "sha256:e6b01673c0fa6a13e374b50871808eb3bf7046c4b125b216f6bf1cc604cff0dc"
            ],
            "markers": "python_version >= '3.9'",
            "version": "==2.5.0"
        }
    },
    "develop": {}
}
